// !$*UTF8*$!
{
	archiveVersion = 1;
	classes = {
	};
	objectVersion = 46;
	objects = {

/* Begin PBXBuildFile section */
		1616E5C7235BB71300E5C3D4 /* QnA.swift in Sources */ = {isa = PBXBuildFile; fileRef = 1616E5C6235BB71300E5C3D4 /* QnA.swift */; };
		16A15B051C90A127001A5151 /* Images.xcassets in Resources */ = {isa = PBXBuildFile; fileRef = 16A15B041C90A127001A5151 /* Images.xcassets */; };
		16B262FA27FB648A0011C920 /* SimpleNSTableViewList.swift in Sources */ = {isa = PBXBuildFile; fileRef = 16B262F927FB648A0011C920 /* SimpleNSTableViewList.swift */; };
		16B7E49A1C9060AD007AF74C /* AppDelegate.swift in Sources */ = {isa = PBXBuildFile; fileRef = 16B7E4991C9060AD007AF74C /* AppDelegate.swift */; };
		16B7E49C1C9060AD007AF74C /* ViewController.swift in Sources */ = {isa = PBXBuildFile; fileRef = 16B7E49B1C9060AD007AF74C /* ViewController.swift */; };
		16B7E4A11C9060AD007AF74C /* Main.storyboard in Resources */ = {isa = PBXBuildFile; fileRef = 16B7E49F1C9060AD007AF74C /* Main.storyboard */; };
		16C6DFF325DD851B005F51BF /* PrefsViewController.swift in Sources */ = {isa = PBXBuildFile; fileRef = 16C6DFF125DD851B005F51BF /* PrefsViewController.swift */; };
/* End PBXBuildFile section */

/* Begin PBXFileReference section */
		1616E5C6235BB71300E5C3D4 /* QnA.swift */ = {isa = PBXFileReference; lastKnownFileType = sourcecode.swift; path = QnA.swift; sourceTree = "<group>"; };
		166CAA5F29082B6B00D30E04 /* QnA GUI.entitlements */ = {isa = PBXFileReference; lastKnownFileType = text.plist.entitlements; path = "QnA GUI.entitlements"; sourceTree = "<group>"; };
		16A15B041C90A127001A5151 /* Images.xcassets */ = {isa = PBXFileReference; lastKnownFileType = folder.assetcatalog; path = Images.xcassets; sourceTree = "<group>"; };
		16B262F927FB648A0011C920 /* SimpleNSTableViewList.swift */ = {isa = PBXFileReference; lastKnownFileType = sourcecode.swift; path = SimpleNSTableViewList.swift; sourceTree = "<group>"; };
		16B7E4961C9060AD007AF74C /* QnA GUI.app */ = {isa = PBXFileReference; explicitFileType = wrapper.application; includeInIndex = 0; path = "QnA GUI.app"; sourceTree = BUILT_PRODUCTS_DIR; };
		16B7E4991C9060AD007AF74C /* AppDelegate.swift */ = {isa = PBXFileReference; lastKnownFileType = sourcecode.swift; path = AppDelegate.swift; sourceTree = "<group>"; };
		16B7E49B1C9060AD007AF74C /* ViewController.swift */ = {isa = PBXFileReference; lastKnownFileType = sourcecode.swift; path = ViewController.swift; sourceTree = "<group>"; };
		16B7E4A01C9060AD007AF74C /* Base */ = {isa = PBXFileReference; lastKnownFileType = file.storyboard; name = Base; path = Base.lproj/Main.storyboard; sourceTree = "<group>"; };
		16B7E4A21C9060AD007AF74C /* Info.plist */ = {isa = PBXFileReference; lastKnownFileType = text.plist.xml; path = Info.plist; sourceTree = "<group>"; };
		16C6DFF125DD851B005F51BF /* PrefsViewController.swift */ = {isa = PBXFileReference; lastKnownFileType = sourcecode.swift; path = PrefsViewController.swift; sourceTree = "<group>"; };
/* End PBXFileReference section */

/* Begin PBXFrameworksBuildPhase section */
		16B7E4931C9060AD007AF74C /* Frameworks */ = {
			isa = PBXFrameworksBuildPhase;
			buildActionMask = 2147483647;
			files = (
			);
			runOnlyForDeploymentPostprocessing = 0;
		};
/* End PBXFrameworksBuildPhase section */

/* Begin PBXGroup section */
		16B7E48D1C9060AD007AF74C = {
			isa = PBXGroup;
			children = (
				166CAA5F29082B6B00D30E04 /* QnA GUI.entitlements */,
				16B7E4981C9060AD007AF74C /* QnA */,
				16B7E4971C9060AD007AF74C /* Products */,
			);
			sourceTree = "<group>";
		};
		16B7E4971C9060AD007AF74C /* Products */ = {
			isa = PBXGroup;
			children = (
				16B7E4961C9060AD007AF74C /* QnA GUI.app */,
			);
			name = Products;
			sourceTree = "<group>";
		};
		16B7E4981C9060AD007AF74C /* QnA */ = {
			isa = PBXGroup;
			children = (
				1616E5C6235BB71300E5C3D4 /* QnA.swift */,
				16B7E4991C9060AD007AF74C /* AppDelegate.swift */,
				16B7E49B1C9060AD007AF74C /* ViewController.swift */,
				16B262F927FB648A0011C920 /* SimpleNSTableViewList.swift */,
				16C6DFF125DD851B005F51BF /* PrefsViewController.swift */,
				16B7E49F1C9060AD007AF74C /* Main.storyboard */,
				16B7E4A21C9060AD007AF74C /* Info.plist */,
				16A15B041C90A127001A5151 /* Images.xcassets */,
			);
			path = QnA;
			sourceTree = "<group>";
		};
/* End PBXGroup section */

/* Begin PBXNativeTarget section */
		16B7E4951C9060AD007AF74C /* QnA GUI */ = {
			isa = PBXNativeTarget;
			buildConfigurationList = 16B7E4BB1C9060AD007AF74C /* Build configuration list for PBXNativeTarget "QnA GUI" */;
			buildPhases = (
				16B7E4921C9060AD007AF74C /* Sources */,
				16B7E4931C9060AD007AF74C /* Frameworks */,
				16B7E4941C9060AD007AF74C /* Resources */,
			);
			buildRules = (
			);
			dependencies = (
			);
			name = "QnA GUI";
			productName = QnA;
			productReference = 16B7E4961C9060AD007AF74C /* QnA GUI.app */;
			productType = "com.apple.product-type.application";
		};
/* End PBXNativeTarget section */

/* Begin PBXProject section */
		16B7E48E1C9060AD007AF74C /* Project object */ = {
			isa = PBXProject;
			attributes = {
				LastSwiftUpdateCheck = 0720;
				LastUpgradeCheck = 1410;
				ORGANIZATIONNAME = "Rusty Myers";
				TargetAttributes = {
					16B7E4951C9060AD007AF74C = {
						CreatedOnToolsVersion = 7.2.1;
						DevelopmentTeam = VQ32N9FEBR;
						LastSwiftMigration = 1240;
						ProvisioningStyle = Automatic;
					};
				};
			};
			buildConfigurationList = 16B7E4911C9060AD007AF74C /* Build configuration list for PBXProject "QnA GUI" */;
			compatibilityVersion = "Xcode 3.2";
			developmentRegion = en;
			hasScannedForEncodings = 0;
			knownRegions = (
				en,
				Base,
			);
			mainGroup = 16B7E48D1C9060AD007AF74C;
			productRefGroup = 16B7E4971C9060AD007AF74C /* Products */;
			projectDirPath = "";
			projectRoot = "";
			targets = (
				16B7E4951C9060AD007AF74C /* QnA GUI */,
			);
		};
/* End PBXProject section */

/* Begin PBXResourcesBuildPhase section */
		16B7E4941C9060AD007AF74C /* Resources */ = {
			isa = PBXResourcesBuildPhase;
			buildActionMask = 2147483647;
			files = (
				16B7E4A11C9060AD007AF74C /* Main.storyboard in Resources */,
				16A15B051C90A127001A5151 /* Images.xcassets in Resources */,
			);
			runOnlyForDeploymentPostprocessing = 0;
		};
/* End PBXResourcesBuildPhase section */

/* Begin PBXSourcesBuildPhase section */
		16B7E4921C9060AD007AF74C /* Sources */ = {
			isa = PBXSourcesBuildPhase;
			buildActionMask = 2147483647;
			files = (
				16B7E49C1C9060AD007AF74C /* ViewController.swift in Sources */,
				1616E5C7235BB71300E5C3D4 /* QnA.swift in Sources */,
				16B7E49A1C9060AD007AF74C /* AppDelegate.swift in Sources */,
				16C6DFF325DD851B005F51BF /* PrefsViewController.swift in Sources */,
				16B262FA27FB648A0011C920 /* SimpleNSTableViewList.swift in Sources */,
			);
			runOnlyForDeploymentPostprocessing = 0;
		};
/* End PBXSourcesBuildPhase section */

/* Begin PBXVariantGroup section */
		16B7E49F1C9060AD007AF74C /* Main.storyboard */ = {
			isa = PBXVariantGroup;
			children = (
				16B7E4A01C9060AD007AF74C /* Base */,
			);
			name = Main.storyboard;
			sourceTree = "<group>";
		};
/* End PBXVariantGroup section */

/* Begin XCBuildConfiguration section */
		16B7E4B91C9060AD007AF74C /* Debug */ = {
			isa = XCBuildConfiguration;
			buildSettings = {
				ALWAYS_SEARCH_USER_PATHS = NO;
				CLANG_ANALYZER_LOCALIZABILITY_NONLOCALIZED = YES;
				CLANG_CXX_LANGUAGE_STANDARD = "gnu++0x";
				CLANG_CXX_LIBRARY = "libc++";
				CLANG_ENABLE_MODULES = YES;
				CLANG_ENABLE_OBJC_ARC = YES;
				CLANG_WARN_BLOCK_CAPTURE_AUTORELEASING = YES;
				CLANG_WARN_BOOL_CONVERSION = YES;
				CLANG_WARN_COMMA = YES;
				CLANG_WARN_CONSTANT_CONVERSION = YES;
				CLANG_WARN_DEPRECATED_OBJC_IMPLEMENTATIONS = YES;
				CLANG_WARN_DIRECT_OBJC_ISA_USAGE = YES_ERROR;
				CLANG_WARN_EMPTY_BODY = YES;
				CLANG_WARN_ENUM_CONVERSION = YES;
				CLANG_WARN_INFINITE_RECURSION = YES;
				CLANG_WARN_INT_CONVERSION = YES;
				CLANG_WARN_NON_LITERAL_NULL_CONVERSION = YES;
				CLANG_WARN_OBJC_IMPLICIT_RETAIN_SELF = YES;
				CLANG_WARN_OBJC_LITERAL_CONVERSION = YES;
				CLANG_WARN_OBJC_ROOT_CLASS = YES_ERROR;
				CLANG_WARN_QUOTED_INCLUDE_IN_FRAMEWORK_HEADER = YES;
				CLANG_WARN_RANGE_LOOP_ANALYSIS = YES;
				CLANG_WARN_STRICT_PROTOTYPES = YES;
				CLANG_WARN_SUSPICIOUS_MOVE = YES;
				CLANG_WARN_UNREACHABLE_CODE = YES;
				CLANG_WARN__DUPLICATE_METHOD_MATCH = YES;
				CODE_SIGN_IDENTITY = "Apple Development";
				COPY_PHASE_STRIP = NO;
				DEAD_CODE_STRIPPING = YES;
				DEBUG_INFORMATION_FORMAT = dwarf;
				ENABLE_STRICT_OBJC_MSGSEND = YES;
				ENABLE_TESTABILITY = YES;
				GCC_C_LANGUAGE_STANDARD = gnu99;
				GCC_DYNAMIC_NO_PIC = NO;
				GCC_NO_COMMON_BLOCKS = YES;
				GCC_OPTIMIZATION_LEVEL = 0;
				GCC_PREPROCESSOR_DEFINITIONS = (
					"DEBUG=1",
					"$(inherited)",
				);
				GCC_WARN_64_TO_32_BIT_CONVERSION = YES;
				GCC_WARN_ABOUT_RETURN_TYPE = YES_ERROR;
				GCC_WARN_UNDECLARED_SELECTOR = YES;
				GCC_WARN_UNINITIALIZED_AUTOS = YES_AGGRESSIVE;
				GCC_WARN_UNUSED_FUNCTION = YES;
				GCC_WARN_UNUSED_VARIABLE = YES;
				MACOSX_DEPLOYMENT_TARGET = "$(RECOMMENDED_MACOSX_DEPLOYMENT_TARGET)";
				MTL_ENABLE_DEBUG_INFO = YES;
				ONLY_ACTIVE_ARCH = YES;
				SDKROOT = macosx;
				SWIFT_OPTIMIZATION_LEVEL = "-Onone";
				SWIFT_VERSION = 5.0;
			};
			name = Debug;
		};
		16B7E4BA1C9060AD007AF74C /* Release */ = {
			isa = XCBuildConfiguration;
			buildSettings = {
				ALWAYS_SEARCH_USER_PATHS = NO;
				CLANG_ANALYZER_LOCALIZABILITY_NONLOCALIZED = YES;
				CLANG_CXX_LANGUAGE_STANDARD = "gnu++0x";
				CLANG_CXX_LIBRARY = "libc++";
				CLANG_ENABLE_MODULES = YES;
				CLANG_ENABLE_OBJC_ARC = YES;
				CLANG_WARN_BLOCK_CAPTURE_AUTORELEASING = YES;
				CLANG_WARN_BOOL_CONVERSION = YES;
				CLANG_WARN_COMMA = YES;
				CLANG_WARN_CONSTANT_CONVERSION = YES;
				CLANG_WARN_DEPRECATED_OBJC_IMPLEMENTATIONS = YES;
				CLANG_WARN_DIRECT_OBJC_ISA_USAGE = YES_ERROR;
				CLANG_WARN_EMPTY_BODY = YES;
				CLANG_WARN_ENUM_CONVERSION = YES;
				CLANG_WARN_INFINITE_RECURSION = YES;
				CLANG_WARN_INT_CONVERSION = YES;
				CLANG_WARN_NON_LITERAL_NULL_CONVERSION = YES;
				CLANG_WARN_OBJC_IMPLICIT_RETAIN_SELF = YES;
				CLANG_WARN_OBJC_LITERAL_CONVERSION = YES;
				CLANG_WARN_OBJC_ROOT_CLASS = YES_ERROR;
				CLANG_WARN_QUOTED_INCLUDE_IN_FRAMEWORK_HEADER = YES;
				CLANG_WARN_SUSPICIOUS_MOVE = YES;
				CLANG_WARN_UNREACHABLE_CODE = YES;
				CLANG_WARN__DUPLICATE_METHOD_MATCH = YES;
				CODE_SIGN_IDENTITY = "Apple Development";
				COPY_PHASE_STRIP = NO;
				DEAD_CODE_STRIPPING = YES;
				DEBUG_INFORMATION_FORMAT = "dwarf-with-dsym";
				ENABLE_NS_ASSERTIONS = NO;
				ENABLE_STRICT_OBJC_MSGSEND = YES;
				GCC_C_LANGUAGE_STANDARD = gnu99;
				GCC_NO_COMMON_BLOCKS = YES;
				GCC_WARN_64_TO_32_BIT_CONVERSION = YES;
				GCC_WARN_ABOUT_RETURN_TYPE = YES_ERROR;
				GCC_WARN_UNDECLARED_SELECTOR = YES;
				GCC_WARN_UNINITIALIZED_AUTOS = YES_AGGRESSIVE;
				GCC_WARN_UNUSED_FUNCTION = YES;
				GCC_WARN_UNUSED_VARIABLE = YES;
				MACOSX_DEPLOYMENT_TARGET = "$(RECOMMENDED_MACOSX_DEPLOYMENT_TARGET)";
				MTL_ENABLE_DEBUG_INFO = NO;
				SDKROOT = macosx;
				SWIFT_COMPILATION_MODE = wholemodule;
				SWIFT_VERSION = 5.0;
			};
			name = Release;
		};
		16B7E4BC1C9060AD007AF74C /* Debug */ = {
			isa = XCBuildConfiguration;
			buildSettings = {
				ASSETCATALOG_COMPILER_APPICON_NAME = AppIcon;
				CODE_SIGN_ENTITLEMENTS = "QnA GUI.entitlements";
				CODE_SIGN_IDENTITY = "Apple Development";
				"CODE_SIGN_IDENTITY[sdk=macosx*]" = "Apple Development";
				CODE_SIGN_STYLE = Automatic;
				COMBINE_HIDPI_IMAGES = YES;
				CURRENT_PROJECT_VERSION = 1;
				DEAD_CODE_STRIPPING = YES;
				DEVELOPMENT_TEAM = "";
				ENABLE_HARDENED_RUNTIME = YES;
				INFOPLIST_FILE = QnA/Info.plist;
				INFOPLIST_KEY_CFBundleDisplayName = "QnA GUI";
				INFOPLIST_KEY_LSApplicationCategoryType = "public.app-category.developer-tools";
				LD_RUNPATH_SEARCH_PATHS = "$(inherited) @executable_path/../Frameworks";
				MACOSX_DEPLOYMENT_TARGET = 13.0;
				MARKETING_VERSION = 1.8;
				ONLY_ACTIVE_ARCH = NO;
				PRODUCT_BUNDLE_IDENTIFIER = edu.psu.QnAGUI;
				PRODUCT_NAME = "QnA GUI";
				SWIFT_VERSION = 5.0;
			};
			name = Debug;
		};
		16B7E4BD1C9060AD007AF74C /* Release */ = {
			isa = XCBuildConfiguration;
			buildSettings = {
				ASSETCATALOG_COMPILER_APPICON_NAME = AppIcon;
				CODE_SIGN_ENTITLEMENTS = "QnA GUI.entitlements";
				CODE_SIGN_IDENTITY = "Apple Development";
				"CODE_SIGN_IDENTITY[sdk=macosx*]" = "Apple Development";
				CODE_SIGN_STYLE = Automatic;
				COMBINE_HIDPI_IMAGES = YES;
				CURRENT_PROJECT_VERSION = 1;
				DEAD_CODE_STRIPPING = YES;
				DEVELOPMENT_TEAM = "";
				ENABLE_HARDENED_RUNTIME = YES;
				INFOPLIST_FILE = QnA/Info.plist;
				INFOPLIST_KEY_CFBundleDisplayName = "QnA GUI";
				INFOPLIST_KEY_LSApplicationCategoryType = "public.app-category.developer-tools";
				LD_RUNPATH_SEARCH_PATHS = "$(inherited) @executable_path/../Frameworks";
				MACOSX_DEPLOYMENT_TARGET = 13.0;
				MARKETING_VERSION = 1.8;
				ONLY_ACTIVE_ARCH = NO;
				PRODUCT_BUNDLE_IDENTIFIER = edu.psu.QnAGUI;
				PRODUCT_NAME = "QnA GUI";
				SWIFT_VERSION = 5.0;
			};
			name = Release;
		};
/* End XCBuildConfiguration section */

/* Begin XCConfigurationList section */
		16B7E4911C9060AD007AF74C /* Build configuration list for PBXProject "QnA GUI" */ = {
			isa = XCConfigurationList;
			buildConfigurations = (
				16B7E4B91C9060AD007AF74C /* Debug */,
				16B7E4BA1C9060AD007AF74C /* Release */,
			);
			defaultConfigurationIsVisible = 0;
			defaultConfigurationName = Release;
		};
		16B7E4BB1C9060AD007AF74C /* Build configuration list for PBXNativeTarget "QnA GUI" */ = {
			isa = XCConfigurationList;
			buildConfigurations = (
				16B7E4BC1C9060AD007AF74C /* Debug */,
				16B7E4BD1C9060AD007AF74C /* Release */,
			);
			defaultConfigurationIsVisible = 0;
			defaultConfigurationName = Release;
		};
/* End XCConfigurationList section */
	};
	rootObject = 16B7E48E1C9060AD007AF74C /* Project object */;
}
